// !$*UTF8*$!
{
	archiveVersion = 1;
	classes = {
	};
	objectVersion = 50;
	objects = {

/* Begin PBXBuildFile section */
		C70DF48022C3C9D000EA5754 /* PopoverPresentationController.swift in Sources */ = {isa = PBXBuildFile; fileRef = C70DF47F22C3C9D000EA5754 /* PopoverPresentationController.swift */; };
		C70DF48222C3CB0E00EA5754 /* PopoverViewController.swift in Sources */ = {isa = PBXBuildFile; fileRef = C70DF48122C3CB0E00EA5754 /* PopoverViewController.swift */; };
		C70DF48422C50BC600EA5754 /* PopoverAnimator.swift in Sources */ = {isa = PBXBuildFile; fileRef = C70DF48322C50BC600EA5754 /* PopoverAnimator.swift */; };
		C7A985E322BFC81300078A6C /* AppDelegate.swift in Sources */ = {isa = PBXBuildFile; fileRef = C7A985E222BFC81300078A6C /* AppDelegate.swift */; };
		C7A985EA22BFC81400078A6C /* Assets.xcassets in Resources */ = {isa = PBXBuildFile; fileRef = C7A985E922BFC81400078A6C /* Assets.xcassets */; };
		C7A985FF22BFD2FF00078A6C /* MainViewController.swift in Sources */ = {isa = PBXBuildFile; fileRef = C7A985FE22BFD2FF00078A6C /* MainViewController.swift */; };
		C7A9860122BFD34E00078A6C /* HomeTableViewController.swift in Sources */ = {isa = PBXBuildFile; fileRef = C7A9860022BFD34E00078A6C /* HomeTableViewController.swift */; };
		C7A9860322BFD3BB00078A6C /* DiscoverTableViewController.swift in Sources */ = {isa = PBXBuildFile; fileRef = C7A9860222BFD3BB00078A6C /* DiscoverTableViewController.swift */; };
		C7A9860522BFD3C800078A6C /* MessageTableViewController.swift in Sources */ = {isa = PBXBuildFile; fileRef = C7A9860422BFD3C800078A6C /* MessageTableViewController.swift */; };
		C7A9860722BFD3D800078A6C /* ProfileTableViewController.swift in Sources */ = {isa = PBXBuildFile; fileRef = C7A9860622BFD3D800078A6C /* ProfileTableViewController.swift */; };
		C7A9860B22C0F4C100078A6C /* MainVCSettings.json in Resources */ = {isa = PBXBuildFile; fileRef = C7A9860922C0F4C100078A6C /* MainVCSettings.json */; };
		C7A9860C22C0F4C100078A6C /* NullViewController.swift in Sources */ = {isa = PBXBuildFile; fileRef = C7A9860A22C0F4C100078A6C /* NullViewController.swift */; };
		C7A9860E22C255AC00078A6C /* BaseTableViewController.swift in Sources */ = {isa = PBXBuildFile; fileRef = C7A9860D22C255AC00078A6C /* BaseTableViewController.swift */; };
		C7A9861022C258CA00078A6C /* VisitorView.swift in Sources */ = {isa = PBXBuildFile; fileRef = C7A9860F22C258CA00078A6C /* VisitorView.swift */; };
		C7A9868522C266F300078A6C /* LICENSE in Resources */ = {isa = PBXBuildFile; fileRef = C7A9866022C266F300078A6C /* LICENSE */; };
		C7A9868622C266F300078A6C /* ConstraintMultiplierTarget.swift in Sources */ = {isa = PBXBuildFile; fileRef = C7A9866222C266F300078A6C /* ConstraintMultiplierTarget.swift */; };
		C7A9868722C266F300078A6C /* LayoutConstraintItem.swift in Sources */ = {isa = PBXBuildFile; fileRef = C7A9866322C266F300078A6C /* LayoutConstraintItem.swift */; };
		C7A9868822C266F300078A6C /* ConstraintDescription.swift in Sources */ = {isa = PBXBuildFile; fileRef = C7A9866422C266F300078A6C /* ConstraintDescription.swift */; };
		C7A9868922C266F300078A6C /* ConstraintMakerPriortizable.swift in Sources */ = {isa = PBXBuildFile; fileRef = C7A9866522C266F300078A6C /* ConstraintMakerPriortizable.swift */; };
		C7A9868A22C266F300078A6C /* ConstraintAttributes.swift in Sources */ = {isa = PBXBuildFile; fileRef = C7A9866622C266F300078A6C /* ConstraintAttributes.swift */; };
		C7A9868B22C266F300078A6C /* ConstraintViewDSL.swift in Sources */ = {isa = PBXBuildFile; fileRef = C7A9866722C266F300078A6C /* ConstraintViewDSL.swift */; };
		C7A9868C22C266F300078A6C /* ConstraintPriorityTarget.swift in Sources */ = {isa = PBXBuildFile; fileRef = C7A9866822C266F300078A6C /* ConstraintPriorityTarget.swift */; };
		C7A9868D22C266F300078A6C /* ConstraintInsets.swift in Sources */ = {isa = PBXBuildFile; fileRef = C7A9866922C266F300078A6C /* ConstraintInsets.swift */; };
		C7A9868E22C266F300078A6C /* ConstraintMakerFinalizable.swift in Sources */ = {isa = PBXBuildFile; fileRef = C7A9866A22C266F300078A6C /* ConstraintMakerFinalizable.swift */; };
		C7A9868F22C266F300078A6C /* ConstraintDSL.swift in Sources */ = {isa = PBXBuildFile; fileRef = C7A9866B22C266F300078A6C /* ConstraintDSL.swift */; };
		C7A9869022C266F300078A6C /* ConstraintMakerExtendable.swift in Sources */ = {isa = PBXBuildFile; fileRef = C7A9866C22C266F300078A6C /* ConstraintMakerExtendable.swift */; };
		C7A9869122C266F300078A6C /* ConstraintPriority.swift in Sources */ = {isa = PBXBuildFile; fileRef = C7A9866D22C266F300078A6C /* ConstraintPriority.swift */; };
		C7A9869222C266F300078A6C /* ConstraintInsetTarget.swift in Sources */ = {isa = PBXBuildFile; fileRef = C7A9866E22C266F300078A6C /* ConstraintInsetTarget.swift */; };
		C7A9869322C266F300078A6C /* ConstraintConfig.swift in Sources */ = {isa = PBXBuildFile; fileRef = C7A9866F22C266F300078A6C /* ConstraintConfig.swift */; };
		C7A9869422C266F300078A6C /* UILayoutSupport+Extensions.swift in Sources */ = {isa = PBXBuildFile; fileRef = C7A9867022C266F300078A6C /* UILayoutSupport+Extensions.swift */; };
		C7A9869522C266F300078A6C /* ConstraintView.swift in Sources */ = {isa = PBXBuildFile; fileRef = C7A9867122C266F300078A6C /* ConstraintView.swift */; };
		C7A9869622C266F300078A6C /* ConstraintLayoutGuide.swift in Sources */ = {isa = PBXBuildFile; fileRef = C7A9867222C266F300078A6C /* ConstraintLayoutGuide.swift */; };
		C7A9869722C266F300078A6C /* ConstraintLayoutSupport.swift in Sources */ = {isa = PBXBuildFile; fileRef = C7A9867322C266F300078A6C /* ConstraintLayoutSupport.swift */; };
		C7A9869822C266F300078A6C /* Typealiases.swift in Sources */ = {isa = PBXBuildFile; fileRef = C7A9867422C266F300078A6C /* Typealiases.swift */; };
		C7A9869922C266F300078A6C /* ConstraintConstantTarget.swift in Sources */ = {isa = PBXBuildFile; fileRef = C7A9867522C266F300078A6C /* ConstraintConstantTarget.swift */; };
		C7A9869A22C266F300078A6C /* ConstraintOffsetTarget.swift in Sources */ = {isa = PBXBuildFile; fileRef = C7A9867622C266F300078A6C /* ConstraintOffsetTarget.swift */; };
		C7A9869B22C266F300078A6C /* ConstraintMakerEditable.swift in Sources */ = {isa = PBXBuildFile; fileRef = C7A9867722C266F300078A6C /* ConstraintMakerEditable.swift */; };
		C7A9869C22C266F300078A6C /* ConstraintMaker.swift in Sources */ = {isa = PBXBuildFile; fileRef = C7A9867822C266F300078A6C /* ConstraintMaker.swift */; };
		C7A9869D22C266F300078A6C /* ConstraintRelation.swift in Sources */ = {isa = PBXBuildFile; fileRef = C7A9867922C266F300078A6C /* ConstraintRelation.swift */; };
		C7A9869E22C266F300078A6C /* ConstraintLayoutGuideDSL.swift in Sources */ = {isa = PBXBuildFile; fileRef = C7A9867A22C266F300078A6C /* ConstraintLayoutGuideDSL.swift */; };
		C7A9869F22C266F300078A6C /* ConstraintView+Extensions.swift in Sources */ = {isa = PBXBuildFile; fileRef = C7A9867B22C266F300078A6C /* ConstraintView+Extensions.swift */; };
		C7A986A022C266F300078A6C /* ConstraintItem.swift in Sources */ = {isa = PBXBuildFile; fileRef = C7A9867C22C266F300078A6C /* ConstraintItem.swift */; };
		C7A986A122C266F300078A6C /* Constraint.swift in Sources */ = {isa = PBXBuildFile; fileRef = C7A9867D22C266F300078A6C /* Constraint.swift */; };
		C7A986A222C266F300078A6C /* Debugging.swift in Sources */ = {isa = PBXBuildFile; fileRef = C7A9867E22C266F300078A6C /* Debugging.swift */; };
		C7A986A322C266F300078A6C /* ConstraintRelatableTarget.swift in Sources */ = {isa = PBXBuildFile; fileRef = C7A9867F22C266F300078A6C /* ConstraintRelatableTarget.swift */; };
		C7A986A422C266F300078A6C /* LayoutConstraint.swift in Sources */ = {isa = PBXBuildFile; fileRef = C7A9868022C266F300078A6C /* LayoutConstraint.swift */; };
		C7A986A522C266F300078A6C /* ConstraintLayoutGuide+Extensions.swift in Sources */ = {isa = PBXBuildFile; fileRef = C7A9868122C266F300078A6C /* ConstraintLayoutGuide+Extensions.swift */; };
		C7A986A622C266F300078A6C /* ConstraintLayoutSupportDSL.swift in Sources */ = {isa = PBXBuildFile; fileRef = C7A9868222C266F300078A6C /* ConstraintLayoutSupportDSL.swift */; };
		C7A986A722C266F300078A6C /* ConstraintMakerRelatable.swift in Sources */ = {isa = PBXBuildFile; fileRef = C7A9868322C266F300078A6C /* ConstraintMakerRelatable.swift */; };
		C7A986A822C266F300078A6C /* README.md in Resources */ = {isa = PBXBuildFile; fileRef = C7A9868422C266F300078A6C /* README.md */; };
		C7A986AA22C3B20600078A6C /* UIBarButtonItem+Category.swift in Sources */ = {isa = PBXBuildFile; fileRef = C7A986A922C3B20600078A6C /* UIBarButtonItem+Category.swift */; };
		C7A986AE22C3B50500078A6C /* TitleButton.swift in Sources */ = {isa = PBXBuildFile; fileRef = C7A986AD22C3B50500078A6C /* TitleButton.swift */; };
		C7A986B122C3C05200078A6C /* PopoverViewController.storyboard in Resources */ = {isa = PBXBuildFile; fileRef = C7A986B022C3C05200078A6C /* PopoverViewController.storyboard */; };
/* End PBXBuildFile section */

/* Begin PBXFileReference section */
		C70DF47F22C3C9D000EA5754 /* PopoverPresentationController.swift */ = {isa = PBXFileReference; lastKnownFileType = sourcecode.swift; path = PopoverPresentationController.swift; sourceTree = "<group>"; };
		C70DF48122C3CB0E00EA5754 /* PopoverViewController.swift */ = {isa = PBXFileReference; lastKnownFileType = sourcecode.swift; path = PopoverViewController.swift; sourceTree = "<group>"; };
		C70DF48322C50BC600EA5754 /* PopoverAnimator.swift */ = {isa = PBXFileReference; lastKnownFileType = sourcecode.swift; path = PopoverAnimator.swift; sourceTree = "<group>"; };
		C7A985DF22BFC81300078A6C /* JXWeibo.app */ = {isa = PBXFileReference; explicitFileType = wrapper.application; includeInIndex = 0; path = JXWeibo.app; sourceTree = BUILT_PRODUCTS_DIR; };
		C7A985E222BFC81300078A6C /* AppDelegate.swift */ = {isa = PBXFileReference; lastKnownFileType = sourcecode.swift; path = AppDelegate.swift; sourceTree = "<group>"; };
		C7A985E922BFC81400078A6C /* Assets.xcassets */ = {isa = PBXFileReference; lastKnownFileType = folder.assetcatalog; path = Assets.xcassets; sourceTree = "<group>"; };
		C7A985EE22BFC81400078A6C /* Info.plist */ = {isa = PBXFileReference; lastKnownFileType = text.plist.xml; path = Info.plist; sourceTree = "<group>"; };
		C7A985FE22BFD2FF00078A6C /* MainViewController.swift */ = {isa = PBXFileReference; lastKnownFileType = sourcecode.swift; path = MainViewController.swift; sourceTree = "<group>"; };
		C7A9860022BFD34E00078A6C /* HomeTableViewController.swift */ = {isa = PBXFileReference; lastKnownFileType = sourcecode.swift; path = HomeTableViewController.swift; sourceTree = "<group>"; };
		C7A9860222BFD3BB00078A6C /* DiscoverTableViewController.swift */ = {isa = PBXFileReference; lastKnownFileType = sourcecode.swift; path = DiscoverTableViewController.swift; sourceTree = "<group>"; };
		C7A9860422BFD3C800078A6C /* MessageTableViewController.swift */ = {isa = PBXFileReference; lastKnownFileType = sourcecode.swift; path = MessageTableViewController.swift; sourceTree = "<group>"; };
		C7A9860622BFD3D800078A6C /* ProfileTableViewController.swift */ = {isa = PBXFileReference; lastKnownFileType = sourcecode.swift; path = ProfileTableViewController.swift; sourceTree = "<group>"; };
		C7A9860922C0F4C100078A6C /* MainVCSettings.json */ = {isa = PBXFileReference; fileEncoding = 4; lastKnownFileType = text.json; path = MainVCSettings.json; sourceTree = "<group>"; };
		C7A9860A22C0F4C100078A6C /* NullViewController.swift */ = {isa = PBXFileReference; fileEncoding = 4; lastKnownFileType = sourcecode.swift; path = NullViewController.swift; sourceTree = "<group>"; };
		C7A9860D22C255AC00078A6C /* BaseTableViewController.swift */ = {isa = PBXFileReference; lastKnownFileType = sourcecode.swift; path = BaseTableViewController.swift; sourceTree = "<group>"; };
		C7A9860F22C258CA00078A6C /* VisitorView.swift */ = {isa = PBXFileReference; lastKnownFileType = sourcecode.swift; path = VisitorView.swift; sourceTree = "<group>"; };
		C7A9866022C266F300078A6C /* LICENSE */ = {isa = PBXFileReference; fileEncoding = 4; lastKnownFileType = text; path = LICENSE; sourceTree = "<group>"; };
		C7A9866222C266F300078A6C /* ConstraintMultiplierTarget.swift */ = {isa = PBXFileReference; fileEncoding = 4; lastKnownFileType = sourcecode.swift; path = ConstraintMultiplierTarget.swift; sourceTree = "<group>"; };
		C7A9866322C266F300078A6C /* LayoutConstraintItem.swift */ = {isa = PBXFileReference; fileEncoding = 4; lastKnownFileType = sourcecode.swift; path = LayoutConstraintItem.swift; sourceTree = "<group>"; };
		C7A9866422C266F300078A6C /* ConstraintDescription.swift */ = {isa = PBXFileReference; fileEncoding = 4; lastKnownFileType = sourcecode.swift; path = ConstraintDescription.swift; sourceTree = "<group>"; };
		C7A9866522C266F300078A6C /* ConstraintMakerPriortizable.swift */ = {isa = PBXFileReference; fileEncoding = 4; lastKnownFileType = sourcecode.swift; path = ConstraintMakerPriortizable.swift; sourceTree = "<group>"; };
		C7A9866622C266F300078A6C /* ConstraintAttributes.swift */ = {isa = PBXFileReference; fileEncoding = 4; lastKnownFileType = sourcecode.swift; path = ConstraintAttributes.swift; sourceTree = "<group>"; };
		C7A9866722C266F300078A6C /* ConstraintViewDSL.swift */ = {isa = PBXFileReference; fileEncoding = 4; lastKnownFileType = sourcecode.swift; path = ConstraintViewDSL.swift; sourceTree = "<group>"; };
		C7A9866822C266F300078A6C /* ConstraintPriorityTarget.swift */ = {isa = PBXFileReference; fileEncoding = 4; lastKnownFileType = sourcecode.swift; path = ConstraintPriorityTarget.swift; sourceTree = "<group>"; };
		C7A9866922C266F300078A6C /* ConstraintInsets.swift */ = {isa = PBXFileReference; fileEncoding = 4; lastKnownFileType = sourcecode.swift; path = ConstraintInsets.swift; sourceTree = "<group>"; };
		C7A9866A22C266F300078A6C /* ConstraintMakerFinalizable.swift */ = {isa = PBXFileReference; fileEncoding = 4; lastKnownFileType = sourcecode.swift; path = ConstraintMakerFinalizable.swift; sourceTree = "<group>"; };
		C7A9866B22C266F300078A6C /* ConstraintDSL.swift */ = {isa = PBXFileReference; fileEncoding = 4; lastKnownFileType = sourcecode.swift; path = ConstraintDSL.swift; sourceTree = "<group>"; };
		C7A9866C22C266F300078A6C /* ConstraintMakerExtendable.swift */ = {isa = PBXFileReference; fileEncoding = 4; lastKnownFileType = sourcecode.swift; path = ConstraintMakerExtendable.swift; sourceTree = "<group>"; };
		C7A9866D22C266F300078A6C /* ConstraintPriority.swift */ = {isa = PBXFileReference; fileEncoding = 4; lastKnownFileType = sourcecode.swift; path = ConstraintPriority.swift; sourceTree = "<group>"; };
		C7A9866E22C266F300078A6C /* ConstraintInsetTarget.swift */ = {isa = PBXFileReference; fileEncoding = 4; lastKnownFileType = sourcecode.swift; path = ConstraintInsetTarget.swift; sourceTree = "<group>"; };
		C7A9866F22C266F300078A6C /* ConstraintConfig.swift */ = {isa = PBXFileReference; fileEncoding = 4; lastKnownFileType = sourcecode.swift; path = ConstraintConfig.swift; sourceTree = "<group>"; };
		C7A9867022C266F300078A6C /* UILayoutSupport+Extensions.swift */ = {isa = PBXFileReference; fileEncoding = 4; lastKnownFileType = sourcecode.swift; path = "UILayoutSupport+Extensions.swift"; sourceTree = "<group>"; };
		C7A9867122C266F300078A6C /* ConstraintView.swift */ = {isa = PBXFileReference; fileEncoding = 4; lastKnownFileType = sourcecode.swift; path = ConstraintView.swift; sourceTree = "<group>"; };
		C7A9867222C266F300078A6C /* ConstraintLayoutGuide.swift */ = {isa = PBXFileReference; fileEncoding = 4; lastKnownFileType = sourcecode.swift; path = ConstraintLayoutGuide.swift; sourceTree = "<group>"; };
		C7A9867322C266F300078A6C /* ConstraintLayoutSupport.swift */ = {isa = PBXFileReference; fileEncoding = 4; lastKnownFileType = sourcecode.swift; path = ConstraintLayoutSupport.swift; sourceTree = "<group>"; };
		C7A9867422C266F300078A6C /* Typealiases.swift */ = {isa = PBXFileReference; fileEncoding = 4; lastKnownFileType = sourcecode.swift; path = Typealiases.swift; sourceTree = "<group>"; };
		C7A9867522C266F300078A6C /* ConstraintConstantTarget.swift */ = {isa = PBXFileReference; fileEncoding = 4; lastKnownFileType = sourcecode.swift; path = ConstraintConstantTarget.swift; sourceTree = "<group>"; };
		C7A9867622C266F300078A6C /* ConstraintOffsetTarget.swift */ = {isa = PBXFileReference; fileEncoding = 4; lastKnownFileType = sourcecode.swift; path = ConstraintOffsetTarget.swift; sourceTree = "<group>"; };
		C7A9867722C266F300078A6C /* ConstraintMakerEditable.swift */ = {isa = PBXFileReference; fileEncoding = 4; lastKnownFileType = sourcecode.swift; path = ConstraintMakerEditable.swift; sourceTree = "<group>"; };
		C7A9867822C266F300078A6C /* ConstraintMaker.swift */ = {isa = PBXFileReference; fileEncoding = 4; lastKnownFileType = sourcecode.swift; path = ConstraintMaker.swift; sourceTree = "<group>"; };
		C7A9867922C266F300078A6C /* ConstraintRelation.swift */ = {isa = PBXFileReference; fileEncoding = 4; lastKnownFileType = sourcecode.swift; path = ConstraintRelation.swift; sourceTree = "<group>"; };
		C7A9867A22C266F300078A6C /* ConstraintLayoutGuideDSL.swift */ = {isa = PBXFileReference; fileEncoding = 4; lastKnownFileType = sourcecode.swift; path = ConstraintLayoutGuideDSL.swift; sourceTree = "<group>"; };
		C7A9867B22C266F300078A6C /* ConstraintView+Extensions.swift */ = {isa = PBXFileReference; fileEncoding = 4; lastKnownFileType = sourcecode.swift; path = "ConstraintView+Extensions.swift"; sourceTree = "<group>"; };
		C7A9867C22C266F300078A6C /* ConstraintItem.swift */ = {isa = PBXFileReference; fileEncoding = 4; lastKnownFileType = sourcecode.swift; path = ConstraintItem.swift; sourceTree = "<group>"; };
		C7A9867D22C266F300078A6C /* Constraint.swift */ = {isa = PBXFileReference; fileEncoding = 4; lastKnownFileType = sourcecode.swift; path = Constraint.swift; sourceTree = "<group>"; };
		C7A9867E22C266F300078A6C /* Debugging.swift */ = {isa = PBXFileReference; fileEncoding = 4; lastKnownFileType = sourcecode.swift; path = Debugging.swift; sourceTree = "<group>"; };
		C7A9867F22C266F300078A6C /* ConstraintRelatableTarget.swift */ = {isa = PBXFileReference; fileEncoding = 4; lastKnownFileType = sourcecode.swift; path = ConstraintRelatableTarget.swift; sourceTree = "<group>"; };
		C7A9868022C266F300078A6C /* LayoutConstraint.swift */ = {isa = PBXFileReference; fileEncoding = 4; lastKnownFileType = sourcecode.swift; path = LayoutConstraint.swift; sourceTree = "<group>"; };
		C7A9868122C266F300078A6C /* ConstraintLayoutGuide+Extensions.swift */ = {isa = PBXFileReference; fileEncoding = 4; lastKnownFileType = sourcecode.swift; path = "ConstraintLayoutGuide+Extensions.swift"; sourceTree = "<group>"; };
		C7A9868222C266F300078A6C /* ConstraintLayoutSupportDSL.swift */ = {isa = PBXFileReference; fileEncoding = 4; lastKnownFileType = sourcecode.swift; path = ConstraintLayoutSupportDSL.swift; sourceTree = "<group>"; };
		C7A9868322C266F300078A6C /* ConstraintMakerRelatable.swift */ = {isa = PBXFileReference; fileEncoding = 4; lastKnownFileType = sourcecode.swift; path = ConstraintMakerRelatable.swift; sourceTree = "<group>"; };
		C7A9868422C266F300078A6C /* README.md */ = {isa = PBXFileReference; fileEncoding = 4; lastKnownFileType = net.daringfireball.markdown; path = README.md; sourceTree = "<group>"; };
		C7A986A922C3B20600078A6C /* UIBarButtonItem+Category.swift */ = {isa = PBXFileReference; lastKnownFileType = sourcecode.swift; path = "UIBarButtonItem+Category.swift"; sourceTree = "<group>"; };
		C7A986AD22C3B50500078A6C /* TitleButton.swift */ = {isa = PBXFileReference; lastKnownFileType = sourcecode.swift; path = TitleButton.swift; sourceTree = "<group>"; };
		C7A986B022C3C05200078A6C /* PopoverViewController.storyboard */ = {isa = PBXFileReference; lastKnownFileType = file.storyboard; path = PopoverViewController.storyboard; sourceTree = "<group>"; };
/* End PBXFileReference section */

/* Begin PBXFrameworksBuildPhase section */
		C7A985DC22BFC81300078A6C /* Frameworks */ = {
			isa = PBXFrameworksBuildPhase;
			buildActionMask = 2147483647;
			files = (
			);
			runOnlyForDeploymentPostprocessing = 0;
		};
/* End PBXFrameworksBuildPhase section */

/* Begin PBXGroup section */
		C7A985D622BFC81300078A6C = {
			isa = PBXGroup;
			children = (
				C7A985E122BFC81300078A6C /* JXWeibo */,
				C7A985E022BFC81300078A6C /* Products */,
			);
			sourceTree = "<group>";
		};
		C7A985E022BFC81300078A6C /* Products */ = {
			isa = PBXGroup;
			children = (
				C7A985DF22BFC81300078A6C /* JXWeibo.app */,
			);
			name = Products;
			sourceTree = "<group>";
		};
		C7A985E122BFC81300078A6C /* JXWeibo */ = {
			isa = PBXGroup;
			children = (
				C7A985E222BFC81300078A6C /* AppDelegate.swift */,
				C7A985F422BFD22C00078A6C /* Classes */,
				C7A985E922BFC81400078A6C /* Assets.xcassets */,
				C7A985EE22BFC81400078A6C /* Info.plist */,
			);
			path = JXWeibo;
			sourceTree = "<group>";
		};
		C7A985F422BFD22C00078A6C /* Classes */ = {
			isa = PBXGroup;
			children = (
				C7A985F522BFD22C00078A6C /* Home */,
				C7A985F622BFD22C00078A6C /* Tools */,
				C7A985F722BFD22C00078A6C /* Discover */,
				C7A985F822BFD22C00078A6C /* Message */,
				C7A985F922BFD22C00078A6C /* Common */,
				C7A985FA22BFD22C00078A6C /* Profile */,
				C7A985FB22BFD22C00078A6C /* Main */,
			);
			path = Classes;
			sourceTree = SOURCE_ROOT;
		};
		C7A985F522BFD22C00078A6C /* Home */ = {
			isa = PBXGroup;
			children = (
				C7A986AF22C3BFC600078A6C /* Popover */,
				C7A9860022BFD34E00078A6C /* HomeTableViewController.swift */,
			);
			path = Home;
			sourceTree = "<group>";
		};
		C7A985F622BFD22C00078A6C /* Tools */ = {
			isa = PBXGroup;
			children = (
				C7A9865F22C266F300078A6C /* SnapKit */,
			);
			path = Tools;
			sourceTree = "<group>";
		};
		C7A985F722BFD22C00078A6C /* Discover */ = {
			isa = PBXGroup;
			children = (
				C7A9860222BFD3BB00078A6C /* DiscoverTableViewController.swift */,
			);
			path = Discover;
			sourceTree = "<group>";
		};
		C7A985F822BFD22C00078A6C /* Message */ = {
			isa = PBXGroup;
			children = (
				C7A9860422BFD3C800078A6C /* MessageTableViewController.swift */,
			);
			path = Message;
			sourceTree = "<group>";
		};
		C7A985F922BFD22C00078A6C /* Common */ = {
			isa = PBXGroup;
			children = (
				C7A986A922C3B20600078A6C /* UIBarButtonItem+Category.swift */,
				C7A986AD22C3B50500078A6C /* TitleButton.swift */,
			);
			path = Common;
			sourceTree = "<group>";
		};
		C7A985FA22BFD22C00078A6C /* Profile */ = {
			isa = PBXGroup;
			children = (
				C7A9860622BFD3D800078A6C /* ProfileTableViewController.swift */,
			);
			path = Profile;
			sourceTree = "<group>";
		};
		C7A985FB22BFD22C00078A6C /* Main */ = {
			isa = PBXGroup;
			children = (
				C7A9860822C0F4C100078A6C /* Resource */,
				C7A985FE22BFD2FF00078A6C /* MainViewController.swift */,
				C7A9860D22C255AC00078A6C /* BaseTableViewController.swift */,
				C7A9860F22C258CA00078A6C /* VisitorView.swift */,
			);
			path = Main;
			sourceTree = "<group>";
		};
		C7A9860822C0F4C100078A6C /* Resource */ = {
			isa = PBXGroup;
			children = (
				C7A9860922C0F4C100078A6C /* MainVCSettings.json */,
				C7A9860A22C0F4C100078A6C /* NullViewController.swift */,
			);
			path = Resource;
			sourceTree = "<group>";
		};
		C7A9865F22C266F300078A6C /* SnapKit */ = {
			isa = PBXGroup;
			children = (
				C7A9866022C266F300078A6C /* LICENSE */,
				C7A9866122C266F300078A6C /* Source */,
				C7A9868422C266F300078A6C /* README.md */,
			);
			path = SnapKit;
			sourceTree = "<group>";
		};
		C7A9866122C266F300078A6C /* Source */ = {
			isa = PBXGroup;
			children = (
				C7A9866222C266F300078A6C /* ConstraintMultiplierTarget.swift */,
				C7A9866322C266F300078A6C /* LayoutConstraintItem.swift */,
				C7A9866422C266F300078A6C /* ConstraintDescription.swift */,
				C7A9866522C266F300078A6C /* ConstraintMakerPriortizable.swift */,
				C7A9866622C266F300078A6C /* ConstraintAttributes.swift */,
				C7A9866722C266F300078A6C /* ConstraintViewDSL.swift */,
				C7A9866822C266F300078A6C /* ConstraintPriorityTarget.swift */,
				C7A9866922C266F300078A6C /* ConstraintInsets.swift */,
				C7A9866A22C266F300078A6C /* ConstraintMakerFinalizable.swift */,
				C7A9866B22C266F300078A6C /* ConstraintDSL.swift */,
				C7A9866C22C266F300078A6C /* ConstraintMakerExtendable.swift */,
				C7A9866D22C266F300078A6C /* ConstraintPriority.swift */,
				C7A9866E22C266F300078A6C /* ConstraintInsetTarget.swift */,
				C7A9866F22C266F300078A6C /* ConstraintConfig.swift */,
				C7A9867022C266F300078A6C /* UILayoutSupport+Extensions.swift */,
				C7A9867122C266F300078A6C /* ConstraintView.swift */,
				C7A9867222C266F300078A6C /* ConstraintLayoutGuide.swift */,
				C7A9867322C266F300078A6C /* ConstraintLayoutSupport.swift */,
				C7A9867422C266F300078A6C /* Typealiases.swift */,
				C7A9867522C266F300078A6C /* ConstraintConstantTarget.swift */,
				C7A9867622C266F300078A6C /* ConstraintOffsetTarget.swift */,
				C7A9867722C266F300078A6C /* ConstraintMakerEditable.swift */,
				C7A9867822C266F300078A6C /* ConstraintMaker.swift */,
				C7A9867922C266F300078A6C /* ConstraintRelation.swift */,
				C7A9867A22C266F300078A6C /* ConstraintLayoutGuideDSL.swift */,
				C7A9867B22C266F300078A6C /* ConstraintView+Extensions.swift */,
				C7A9867C22C266F300078A6C /* ConstraintItem.swift */,
				C7A9867D22C266F300078A6C /* Constraint.swift */,
				C7A9867E22C266F300078A6C /* Debugging.swift */,
				C7A9867F22C266F300078A6C /* ConstraintRelatableTarget.swift */,
				C7A9868022C266F300078A6C /* LayoutConstraint.swift */,
				C7A9868122C266F300078A6C /* ConstraintLayoutGuide+Extensions.swift */,
				C7A9868222C266F300078A6C /* ConstraintLayoutSupportDSL.swift */,
				C7A9868322C266F300078A6C /* ConstraintMakerRelatable.swift */,
			);
			path = Source;
			sourceTree = "<group>";
		};
		C7A986AF22C3BFC600078A6C /* Popover */ = {
			isa = PBXGroup;
			children = (
				C7A986B022C3C05200078A6C /* PopoverViewController.storyboard */,
				C70DF48122C3CB0E00EA5754 /* PopoverViewController.swift */,
				C70DF47F22C3C9D000EA5754 /* PopoverPresentationController.swift */,
				C70DF48322C50BC600EA5754 /* PopoverAnimator.swift */,
			);
			path = Popover;
			sourceTree = "<group>";
		};
/* End PBXGroup section */

/* Begin PBXNativeTarget section */
		C7A985DE22BFC81300078A6C /* JXWeibo */ = {
			isa = PBXNativeTarget;
			buildConfigurationList = C7A985F122BFC81400078A6C /* Build configuration list for PBXNativeTarget "JXWeibo" */;
			buildPhases = (
				C7A985DB22BFC81300078A6C /* Sources */,
				C7A985DC22BFC81300078A6C /* Frameworks */,
				C7A985DD22BFC81300078A6C /* Resources */,
			);
			buildRules = (
			);
			dependencies = (
			);
			name = JXWeibo;
			productName = JXWeibo;
			productReference = C7A985DF22BFC81300078A6C /* JXWeibo.app */;
			productType = "com.apple.product-type.application";
		};
/* End PBXNativeTarget section */

/* Begin PBXProject section */
		C7A985D722BFC81300078A6C /* Project object */ = {
			isa = PBXProject;
			attributes = {
				LastSwiftUpdateCheck = 1020;
				LastUpgradeCheck = 1020;
				ORGANIZATIONNAME = "俊祥";
				TargetAttributes = {
					C7A985DE22BFC81300078A6C = {
						CreatedOnToolsVersion = 10.2.1;
					};
				};
			};
			buildConfigurationList = C7A985DA22BFC81300078A6C /* Build configuration list for PBXProject "JXWeibo" */;
			compatibilityVersion = "Xcode 9.3";
			developmentRegion = en;
			hasScannedForEncodings = 0;
			knownRegions = (
				en,
				Base,
			);
			mainGroup = C7A985D622BFC81300078A6C;
			productRefGroup = C7A985E022BFC81300078A6C /* Products */;
			projectDirPath = "";
			projectRoot = "";
			targets = (
				C7A985DE22BFC81300078A6C /* JXWeibo */,
			);
		};
/* End PBXProject section */

/* Begin PBXResourcesBuildPhase section */
		C7A985DD22BFC81300078A6C /* Resources */ = {
			isa = PBXResourcesBuildPhase;
			buildActionMask = 2147483647;
			files = (
				C7A9868522C266F300078A6C /* LICENSE in Resources */,
				C7A9860B22C0F4C100078A6C /* MainVCSettings.json in Resources */,
				C7A986A822C266F300078A6C /* README.md in Resources */,
				C7A986B122C3C05200078A6C /* PopoverViewController.storyboard in Resources */,
				C7A985EA22BFC81400078A6C /* Assets.xcassets in Resources */,
			);
			runOnlyForDeploymentPostprocessing = 0;
		};
/* End PBXResourcesBuildPhase section */

/* Begin PBXSourcesBuildPhase section */
		C7A985DB22BFC81300078A6C /* Sources */ = {
			isa = PBXSourcesBuildPhase;
			buildActionMask = 2147483647;
			files = (
				C7A9860722BFD3D800078A6C /* ProfileTableViewController.swift in Sources */,
				C7A9860122BFD34E00078A6C /* HomeTableViewController.swift in Sources */,
				C7A9868922C266F300078A6C /* ConstraintMakerPriortizable.swift in Sources */,
				C7A9869022C266F300078A6C /* ConstraintMakerExtendable.swift in Sources */,
				C7A986A322C266F300078A6C /* ConstraintRelatableTarget.swift in Sources */,
				C7A986A522C266F300078A6C /* ConstraintLayoutGuide+Extensions.swift in Sources */,
				C7A9868722C266F300078A6C /* LayoutConstraintItem.swift in Sources */,
				C7A9869C22C266F300078A6C /* ConstraintMaker.swift in Sources */,
				C7A9868F22C266F300078A6C /* ConstraintDSL.swift in Sources */,
				C7A9869422C266F300078A6C /* UILayoutSupport+Extensions.swift in Sources */,
				C7A9869622C266F300078A6C /* ConstraintLayoutGuide.swift in Sources */,
				C7A9860E22C255AC00078A6C /* BaseTableViewController.swift in Sources */,
				C7A985FF22BFD2FF00078A6C /* MainViewController.swift in Sources */,
				C7A986AE22C3B50500078A6C /* TitleButton.swift in Sources */,
				C7A9869A22C266F300078A6C /* ConstraintOffsetTarget.swift in Sources */,
				C7A986A622C266F300078A6C /* ConstraintLayoutSupportDSL.swift in Sources */,
				C7A9869122C266F300078A6C /* ConstraintPriority.swift in Sources */,
				C7A986AA22C3B20600078A6C /* UIBarButtonItem+Category.swift in Sources */,
				C7A9869D22C266F300078A6C /* ConstraintRelation.swift in Sources */,
				C7A986A222C266F300078A6C /* Debugging.swift in Sources */,
				C7A9868622C266F300078A6C /* ConstraintMultiplierTarget.swift in Sources */,
				C7A9869922C266F300078A6C /* ConstraintConstantTarget.swift in Sources */,
				C70DF48422C50BC600EA5754 /* PopoverAnimator.swift in Sources */,
				C7A9868C22C266F300078A6C /* ConstraintPriorityTarget.swift in Sources */,
				C7A9869B22C266F300078A6C /* ConstraintMakerEditable.swift in Sources */,
				C7A986A422C266F300078A6C /* LayoutConstraint.swift in Sources */,
				C7A9860322BFD3BB00078A6C /* DiscoverTableViewController.swift in Sources */,
				C7A9860522BFD3C800078A6C /* MessageTableViewController.swift in Sources */,
				C7A9868E22C266F300078A6C /* ConstraintMakerFinalizable.swift in Sources */,
				C7A9869822C266F300078A6C /* Typealiases.swift in Sources */,
				C7A9869322C266F300078A6C /* ConstraintConfig.swift in Sources */,
				C7A9868A22C266F300078A6C /* ConstraintAttributes.swift in Sources */,
				C70DF48022C3C9D000EA5754 /* PopoverPresentationController.swift in Sources */,
				C70DF48222C3CB0E00EA5754 /* PopoverViewController.swift in Sources */,
				C7A9868D22C266F300078A6C /* ConstraintInsets.swift in Sources */,
				C7A9869F22C266F300078A6C /* ConstraintView+Extensions.swift in Sources */,
				C7A986A122C266F300078A6C /* Constraint.swift in Sources */,
				C7A9869E22C266F300078A6C /* ConstraintLayoutGuideDSL.swift in Sources */,
				C7A9869722C266F300078A6C /* ConstraintLayoutSupport.swift in Sources */,
				C7A9861022C258CA00078A6C /* VisitorView.swift in Sources */,
				C7A986A722C266F300078A6C /* ConstraintMakerRelatable.swift in Sources */,
				C7A9868B22C266F300078A6C /* ConstraintViewDSL.swift in Sources */,
				C7A9869522C266F300078A6C /* ConstraintView.swift in Sources */,
				C7A985E322BFC81300078A6C /* AppDelegate.swift in Sources */,
				C7A9869222C266F300078A6C /* ConstraintInsetTarget.swift in Sources */,
				C7A9860C22C0F4C100078A6C /* NullViewController.swift in Sources */,
				C7A9868822C266F300078A6C /* ConstraintDescription.swift in Sources */,
				C7A986A022C266F300078A6C /* ConstraintItem.swift in Sources */,
			);
			runOnlyForDeploymentPostprocessing = 0;
		};
/* End PBXSourcesBuildPhase section */

/* Begin XCBuildConfiguration section */
		C7A985EF22BFC81400078A6C /* Debug */ = {
			isa = XCBuildConfiguration;
			buildSettings = {
				ALWAYS_SEARCH_USER_PATHS = NO;
				CLANG_ANALYZER_NONNULL = YES;
				CLANG_ANALYZER_NUMBER_OBJECT_CONVERSION = YES_AGGRESSIVE;
				CLANG_CXX_LANGUAGE_STANDARD = "gnu++14";
				CLANG_CXX_LIBRARY = "libc++";
				CLANG_ENABLE_MODULES = YES;
				CLANG_ENABLE_OBJC_ARC = YES;
				CLANG_ENABLE_OBJC_WEAK = YES;
				CLANG_WARN_BLOCK_CAPTURE_AUTORELEASING = YES;
				CLANG_WARN_BOOL_CONVERSION = YES;
				CLANG_WARN_COMMA = YES;
				CLANG_WARN_CONSTANT_CONVERSION = YES;
				CLANG_WARN_DEPRECATED_OBJC_IMPLEMENTATIONS = YES;
				CLANG_WARN_DIRECT_OBJC_ISA_USAGE = YES_ERROR;
				CLANG_WARN_DOCUMENTATION_COMMENTS = YES;
				CLANG_WARN_EMPTY_BODY = YES;
				CLANG_WARN_ENUM_CONVERSION = YES;
				CLANG_WARN_INFINITE_RECURSION = YES;
				CLANG_WARN_INT_CONVERSION = YES;
				CLANG_WARN_NON_LITERAL_NULL_CONVERSION = YES;
				CLANG_WARN_OBJC_IMPLICIT_RETAIN_SELF = YES;
				CLANG_WARN_OBJC_LITERAL_CONVERSION = YES;
				CLANG_WARN_OBJC_ROOT_CLASS = YES_ERROR;
				CLANG_WARN_RANGE_LOOP_ANALYSIS = YES;
				CLANG_WARN_STRICT_PROTOTYPES = YES;
				CLANG_WARN_SUSPICIOUS_MOVE = YES;
				CLANG_WARN_UNGUARDED_AVAILABILITY = YES_AGGRESSIVE;
				CLANG_WARN_UNREACHABLE_CODE = YES;
				CLANG_WARN__DUPLICATE_METHOD_MATCH = YES;
				CODE_SIGN_IDENTITY = "iPhone Developer";
				COPY_PHASE_STRIP = NO;
				DEBUG_INFORMATION_FORMAT = dwarf;
				ENABLE_STRICT_OBJC_MSGSEND = YES;
				ENABLE_TESTABILITY = YES;
				GCC_C_LANGUAGE_STANDARD = gnu11;
				GCC_DYNAMIC_NO_PIC = NO;
				GCC_NO_COMMON_BLOCKS = YES;
				GCC_OPTIMIZATION_LEVEL = 0;
				GCC_PREPROCESSOR_DEFINITIONS = (
					"DEBUG=1",
					"$(inherited)",
				);
				GCC_WARN_64_TO_32_BIT_CONVERSION = YES;
				GCC_WARN_ABOUT_RETURN_TYPE = YES_ERROR;
				GCC_WARN_UNDECLARED_SELECTOR = YES;
				GCC_WARN_UNINITIALIZED_AUTOS = YES_AGGRESSIVE;
				GCC_WARN_UNUSED_FUNCTION = YES;
				GCC_WARN_UNUSED_VARIABLE = YES;
				IPHONEOS_DEPLOYMENT_TARGET = 12.2;
				MTL_ENABLE_DEBUG_INFO = INCLUDE_SOURCE;
				MTL_FAST_MATH = YES;
				ONLY_ACTIVE_ARCH = YES;
				SDKROOT = iphoneos;
				SWIFT_ACTIVE_COMPILATION_CONDITIONS = DEBUG;
				SWIFT_OPTIMIZATION_LEVEL = "-Onone";
			};
			name = Debug;
		};
		C7A985F022BFC81400078A6C /* Release */ = {
			isa = XCBuildConfiguration;
			buildSettings = {
				ALWAYS_SEARCH_USER_PATHS = NO;
				CLANG_ANALYZER_NONNULL = YES;
				CLANG_ANALYZER_NUMBER_OBJECT_CONVERSION = YES_AGGRESSIVE;
				CLANG_CXX_LANGUAGE_STANDARD = "gnu++14";
				CLANG_CXX_LIBRARY = "libc++";
				CLANG_ENABLE_MODULES = YES;
				CLANG_ENABLE_OBJC_ARC = YES;
				CLANG_ENABLE_OBJC_WEAK = YES;
				CLANG_WARN_BLOCK_CAPTURE_AUTORELEASING = YES;
				CLANG_WARN_BOOL_CONVERSION = YES;
				CLANG_WARN_COMMA = YES;
				CLANG_WARN_CONSTANT_CONVERSION = YES;
				CLANG_WARN_DEPRECATED_OBJC_IMPLEMENTATIONS = YES;
				CLANG_WARN_DIRECT_OBJC_ISA_USAGE = YES_ERROR;
				CLANG_WARN_DOCUMENTATION_COMMENTS = YES;
				CLANG_WARN_EMPTY_BODY = YES;
				CLANG_WARN_ENUM_CONVERSION = YES;
				CLANG_WARN_INFINITE_RECURSION = YES;
				CLANG_WARN_INT_CONVERSION = YES;
				CLANG_WARN_NON_LITERAL_NULL_CONVERSION = YES;
				CLANG_WARN_OBJC_IMPLICIT_RETAIN_SELF = YES;
				CLANG_WARN_OBJC_LITERAL_CONVERSION = YES;
				CLANG_WARN_OBJC_ROOT_CLASS = YES_ERROR;
				CLANG_WARN_RANGE_LOOP_ANALYSIS = YES;
				CLANG_WARN_STRICT_PROTOTYPES = YES;
				CLANG_WARN_SUSPICIOUS_MOVE = YES;
				CLANG_WARN_UNGUARDED_AVAILABILITY = YES_AGGRESSIVE;
				CLANG_WARN_UNREACHABLE_CODE = YES;
				CLANG_WARN__DUPLICATE_METHOD_MATCH = YES;
				CODE_SIGN_IDENTITY = "iPhone Developer";
				COPY_PHASE_STRIP = NO;
				DEBUG_INFORMATION_FORMAT = "dwarf-with-dsym";
				ENABLE_NS_ASSERTIONS = NO;
				ENABLE_STRICT_OBJC_MSGSEND = YES;
				GCC_C_LANGUAGE_STANDARD = gnu11;
				GCC_NO_COMMON_BLOCKS = YES;
				GCC_WARN_64_TO_32_BIT_CONVERSION = YES;
				GCC_WARN_ABOUT_RETURN_TYPE = YES_ERROR;
				GCC_WARN_UNDECLARED_SELECTOR = YES;
				GCC_WARN_UNINITIALIZED_AUTOS = YES_AGGRESSIVE;
				GCC_WARN_UNUSED_FUNCTION = YES;
				GCC_WARN_UNUSED_VARIABLE = YES;
				IPHONEOS_DEPLOYMENT_TARGET = 12.2;
				MTL_ENABLE_DEBUG_INFO = NO;
				MTL_FAST_MATH = YES;
				SDKROOT = iphoneos;
				SWIFT_COMPILATION_MODE = wholemodule;
				SWIFT_OPTIMIZATION_LEVEL = "-O";
				VALIDATE_PRODUCT = YES;
			};
			name = Release;
		};
		C7A985F222BFC81400078A6C /* Debug */ = {
			isa = XCBuildConfiguration;
			buildSettings = {
				ASSETCATALOG_COMPILER_APPICON_NAME = AppIcon;
				ASSETCATALOG_COMPILER_LAUNCHIMAGE_NAME = LaunchImage;
				CODE_SIGN_STYLE = Automatic;
				INFOPLIST_FILE = JXWeibo/Info.plist;
				IPHONEOS_DEPLOYMENT_TARGET = 9.3;
				LD_RUNPATH_SEARCH_PATHS = (
					"$(inherited)",
					"@executable_path/Frameworks",
				);
				PRODUCT_BUNDLE_IDENTIFIER = JX.JXWeibo;
				PRODUCT_NAME = "$(TARGET_NAME)";
				SWIFT_VERSION = 5.0;
				TARGETED_DEVICE_FAMILY = 1;
			};
			name = Debug;
		};
		C7A985F322BFC81400078A6C /* Release */ = {
			isa = XCBuildConfiguration;
			buildSettings = {
				ASSETCATALOG_COMPILER_APPICON_NAME = AppIcon;
				ASSETCATALOG_COMPILER_LAUNCHIMAGE_NAME = LaunchImage;
				CODE_SIGN_STYLE = Automatic;
				INFOPLIST_FILE = JXWeibo/Info.plist;
				IPHONEOS_DEPLOYMENT_TARGET = 9.3;
				LD_RUNPATH_SEARCH_PATHS = (
					"$(inherited)",
					"@executable_path/Frameworks",
				);
				PRODUCT_BUNDLE_IDENTIFIER = JX.JXWeibo;
				PRODUCT_NAME = "$(TARGET_NAME)";
				SWIFT_VERSION = 5.0;
				TARGETED_DEVICE_FAMILY = 1;
			};
			name = Release;
		};
/* End XCBuildConfiguration section */

/* Begin XCConfigurationList section */
		C7A985DA22BFC81300078A6C /* Build configuration list for PBXProject "JXWeibo" */ = {
			isa = XCConfigurationList;
			buildConfigurations = (
				C7A985EF22BFC81400078A6C /* Debug */,
				C7A985F022BFC81400078A6C /* Release */,
			);
			defaultConfigurationIsVisible = 0;
			defaultConfigurationName = Release;
		};
		C7A985F122BFC81400078A6C /* Build configuration list for PBXNativeTarget "JXWeibo" */ = {
			isa = XCConfigurationList;
			buildConfigurations = (
				C7A985F222BFC81400078A6C /* Debug */,
				C7A985F322BFC81400078A6C /* Release */,
			);
			defaultConfigurationIsVisible = 0;
			defaultConfigurationName = Release;
		};
/* End XCConfigurationList section */
	};
	rootObject = C7A985D722BFC81300078A6C /* Project object */;
}
