// !$*UTF8*$!
{
	archiveVersion = 1;
	classes = {
	};
	objectVersion = 50;
	objects = {

/* Begin PBXBuildFile section */
		C7A985E322BFC81300078A6C /* AppDelegate.swift in Sources */ = {isa = PBXBuildFile; fileRef = C7A985E222BFC81300078A6C /* AppDelegate.swift */; };
		C7A985EA22BFC81400078A6C /* Assets.xcassets in Resources */ = {isa = PBXBuildFile; fileRef = C7A985E922BFC81400078A6C /* Assets.xcassets */; };
		C7A985FF22BFD2FF00078A6C /* MainViewController.swift in Sources */ = {isa = PBXBuildFile; fileRef = C7A985FE22BFD2FF00078A6C /* MainViewController.swift */; };
		C7A9860122BFD34E00078A6C /* HomeTableViewController.swift in Sources */ = {isa = PBXBuildFile; fileRef = C7A9860022BFD34E00078A6C /* HomeTableViewController.swift */; };
		C7A9860322BFD3BB00078A6C /* DiscoverTableViewController.swift in Sources */ = {isa = PBXBuildFile; fileRef = C7A9860222BFD3BB00078A6C /* DiscoverTableViewController.swift */; };
		C7A9860522BFD3C800078A6C /* MessageTableViewController.swift in Sources */ = {isa = PBXBuildFile; fileRef = C7A9860422BFD3C800078A6C /* MessageTableViewController.swift */; };
		C7A9860722BFD3D800078A6C /* ProfileTableViewController.swift in Sources */ = {isa = PBXBuildFile; fileRef = C7A9860622BFD3D800078A6C /* ProfileTableViewController.swift */; };
/* End PBXBuildFile section */

/* Begin PBXFileReference section */
		C7A985DF22BFC81300078A6C /* JXWeibo.app */ = {isa = PBXFileReference; explicitFileType = wrapper.application; includeInIndex = 0; path = JXWeibo.app; sourceTree = BUILT_PRODUCTS_DIR; };
		C7A985E222BFC81300078A6C /* AppDelegate.swift */ = {isa = PBXFileReference; lastKnownFileType = sourcecode.swift; path = AppDelegate.swift; sourceTree = "<group>"; };
		C7A985E922BFC81400078A6C /* Assets.xcassets */ = {isa = PBXFileReference; lastKnownFileType = folder.assetcatalog; path = Assets.xcassets; sourceTree = "<group>"; };
		C7A985EE22BFC81400078A6C /* Info.plist */ = {isa = PBXFileReference; lastKnownFileType = text.plist.xml; path = Info.plist; sourceTree = "<group>"; };
		C7A985FE22BFD2FF00078A6C /* MainViewController.swift */ = {isa = PBXFileReference; lastKnownFileType = sourcecode.swift; path = MainViewController.swift; sourceTree = "<group>"; };
		C7A9860022BFD34E00078A6C /* HomeTableViewController.swift */ = {isa = PBXFileReference; lastKnownFileType = sourcecode.swift; path = HomeTableViewController.swift; sourceTree = "<group>"; };
		C7A9860222BFD3BB00078A6C /* DiscoverTableViewController.swift */ = {isa = PBXFileReference; lastKnownFileType = sourcecode.swift; path = DiscoverTableViewController.swift; sourceTree = "<group>"; };
		C7A9860422BFD3C800078A6C /* MessageTableViewController.swift */ = {isa = PBXFileReference; lastKnownFileType = sourcecode.swift; path = MessageTableViewController.swift; sourceTree = "<group>"; };
		C7A9860622BFD3D800078A6C /* ProfileTableViewController.swift */ = {isa = PBXFileReference; lastKnownFileType = sourcecode.swift; path = ProfileTableViewController.swift; sourceTree = "<group>"; };
/* End PBXFileReference section */

/* Begin PBXFrameworksBuildPhase section */
		C7A985DC22BFC81300078A6C /* Frameworks */ = {
			isa = PBXFrameworksBuildPhase;
			buildActionMask = 2147483647;
			files = (
			);
			runOnlyForDeploymentPostprocessing = 0;
		};
/* End PBXFrameworksBuildPhase section */

/* Begin PBXGroup section */
		C7A985D622BFC81300078A6C = {
			isa = PBXGroup;
			children = (
				C7A985E122BFC81300078A6C /* JXWeibo */,
				C7A985E022BFC81300078A6C /* Products */,
			);
			sourceTree = "<group>";
		};
		C7A985E022BFC81300078A6C /* Products */ = {
			isa = PBXGroup;
			children = (
				C7A985DF22BFC81300078A6C /* JXWeibo.app */,
			);
			name = Products;
			sourceTree = "<group>";
		};
		C7A985E122BFC81300078A6C /* JXWeibo */ = {
			isa = PBXGroup;
			children = (
				C7A985E222BFC81300078A6C /* AppDelegate.swift */,
				C7A985F422BFD22C00078A6C /* Classes */,
				C7A985E922BFC81400078A6C /* Assets.xcassets */,
				C7A985EE22BFC81400078A6C /* Info.plist */,
			);
			path = JXWeibo;
			sourceTree = "<group>";
		};
		C7A985F422BFD22C00078A6C /* Classes */ = {
			isa = PBXGroup;
			children = (
				C7A985F522BFD22C00078A6C /* Home */,
				C7A985F622BFD22C00078A6C /* Tools */,
				C7A985F722BFD22C00078A6C /* Discover */,
				C7A985F822BFD22C00078A6C /* Message */,
				C7A985F922BFD22C00078A6C /* Common */,
				C7A985FA22BFD22C00078A6C /* Profile */,
				C7A985FB22BFD22C00078A6C /* Main */,
			);
			path = Classes;
			sourceTree = SOURCE_ROOT;
		};
		C7A985F522BFD22C00078A6C /* Home */ = {
			isa = PBXGroup;
			children = (
				C7A9860022BFD34E00078A6C /* HomeTableViewController.swift */,
			);
			path = Home;
			sourceTree = "<group>";
		};
		C7A985F622BFD22C00078A6C /* Tools */ = {
			isa = PBXGroup;
			children = (
			);
			path = Tools;
			sourceTree = "<group>";
		};
		C7A985F722BFD22C00078A6C /* Discover */ = {
			isa = PBXGroup;
			children = (
				C7A9860222BFD3BB00078A6C /* DiscoverTableViewController.swift */,
			);
			path = Discover;
			sourceTree = "<group>";
		};
		C7A985F822BFD22C00078A6C /* Message */ = {
			isa = PBXGroup;
			children = (
				C7A9860422BFD3C800078A6C /* MessageTableViewController.swift */,
			);
			path = Message;
			sourceTree = "<group>";
		};
		C7A985F922BFD22C00078A6C /* Common */ = {
			isa = PBXGroup;
			children = (
			);
			path = Common;
			sourceTree = "<group>";
		};
		C7A985FA22BFD22C00078A6C /* Profile */ = {
			isa = PBXGroup;
			children = (
				C7A9860622BFD3D800078A6C /* ProfileTableViewController.swift */,
			);
			path = Profile;
			sourceTree = "<group>";
		};
		C7A985FB22BFD22C00078A6C /* Main */ = {
			isa = PBXGroup;
			children = (
				C7A985FE22BFD2FF00078A6C /* MainViewController.swift */,
			);
			path = Main;
			sourceTree = "<group>";
		};
/* End PBXGroup section */

/* Begin PBXNativeTarget section */
		C7A985DE22BFC81300078A6C /* JXWeibo */ = {
			isa = PBXNativeTarget;
			buildConfigurationList = C7A985F122BFC81400078A6C /* Build configuration list for PBXNativeTarget "JXWeibo" */;
			buildPhases = (
				C7A985DB22BFC81300078A6C /* Sources */,
				C7A985DC22BFC81300078A6C /* Frameworks */,
				C7A985DD22BFC81300078A6C /* Resources */,
			);
			buildRules = (
			);
			dependencies = (
			);
			name = JXWeibo;
			productName = JXWeibo;
			productReference = C7A985DF22BFC81300078A6C /* JXWeibo.app */;
			productType = "com.apple.product-type.application";
		};
/* End PBXNativeTarget section */

/* Begin PBXProject section */
		C7A985D722BFC81300078A6C /* Project object */ = {
			isa = PBXProject;
			attributes = {
				LastSwiftUpdateCheck = 1020;
				LastUpgradeCheck = 1020;
				ORGANIZATIONNAME = "俊祥";
				TargetAttributes = {
					C7A985DE22BFC81300078A6C = {
						CreatedOnToolsVersion = 10.2.1;
					};
				};
			};
			buildConfigurationList = C7A985DA22BFC81300078A6C /* Build configuration list for PBXProject "JXWeibo" */;
			compatibilityVersion = "Xcode 9.3";
			developmentRegion = en;
			hasScannedForEncodings = 0;
			knownRegions = (
				en,
				Base,
			);
			mainGroup = C7A985D622BFC81300078A6C;
			productRefGroup = C7A985E022BFC81300078A6C /* Products */;
			projectDirPath = "";
			projectRoot = "";
			targets = (
				C7A985DE22BFC81300078A6C /* JXWeibo */,
			);
		};
/* End PBXProject section */

/* Begin PBXResourcesBuildPhase section */
		C7A985DD22BFC81300078A6C /* Resources */ = {
			isa = PBXResourcesBuildPhase;
			buildActionMask = 2147483647;
			files = (
				C7A985EA22BFC81400078A6C /* Assets.xcassets in Resources */,
			);
			runOnlyForDeploymentPostprocessing = 0;
		};
/* End PBXResourcesBuildPhase section */

/* Begin PBXSourcesBuildPhase section */
		C7A985DB22BFC81300078A6C /* Sources */ = {
			isa = PBXSourcesBuildPhase;
			buildActionMask = 2147483647;
			files = (
				C7A9860722BFD3D800078A6C /* ProfileTableViewController.swift in Sources */,
				C7A9860122BFD34E00078A6C /* HomeTableViewController.swift in Sources */,
				C7A985FF22BFD2FF00078A6C /* MainViewController.swift in Sources */,
				C7A9860322BFD3BB00078A6C /* DiscoverTableViewController.swift in Sources */,
				C7A9860522BFD3C800078A6C /* MessageTableViewController.swift in Sources */,
				C7A985E322BFC81300078A6C /* AppDelegate.swift in Sources */,
			);
			runOnlyForDeploymentPostprocessing = 0;
		};
/* End PBXSourcesBuildPhase section */

/* Begin XCBuildConfiguration section */
		C7A985EF22BFC81400078A6C /* Debug */ = {
			isa = XCBuildConfiguration;
			buildSettings = {
				ALWAYS_SEARCH_USER_PATHS = NO;
				CLANG_ANALYZER_NONNULL = YES;
				CLANG_ANALYZER_NUMBER_OBJECT_CONVERSION = YES_AGGRESSIVE;
				CLANG_CXX_LANGUAGE_STANDARD = "gnu++14";
				CLANG_CXX_LIBRARY = "libc++";
				CLANG_ENABLE_MODULES = YES;
				CLANG_ENABLE_OBJC_ARC = YES;
				CLANG_ENABLE_OBJC_WEAK = YES;
				CLANG_WARN_BLOCK_CAPTURE_AUTORELEASING = YES;
				CLANG_WARN_BOOL_CONVERSION = YES;
				CLANG_WARN_COMMA = YES;
				CLANG_WARN_CONSTANT_CONVERSION = YES;
				CLANG_WARN_DEPRECATED_OBJC_IMPLEMENTATIONS = YES;
				CLANG_WARN_DIRECT_OBJC_ISA_USAGE = YES_ERROR;
				CLANG_WARN_DOCUMENTATION_COMMENTS = YES;
				CLANG_WARN_EMPTY_BODY = YES;
				CLANG_WARN_ENUM_CONVERSION = YES;
				CLANG_WARN_INFINITE_RECURSION = YES;
				CLANG_WARN_INT_CONVERSION = YES;
				CLANG_WARN_NON_LITERAL_NULL_CONVERSION = YES;
				CLANG_WARN_OBJC_IMPLICIT_RETAIN_SELF = YES;
				CLANG_WARN_OBJC_LITERAL_CONVERSION = YES;
				CLANG_WARN_OBJC_ROOT_CLASS = YES_ERROR;
				CLANG_WARN_RANGE_LOOP_ANALYSIS = YES;
				CLANG_WARN_STRICT_PROTOTYPES = YES;
				CLANG_WARN_SUSPICIOUS_MOVE = YES;
				CLANG_WARN_UNGUARDED_AVAILABILITY = YES_AGGRESSIVE;
				CLANG_WARN_UNREACHABLE_CODE = YES;
				CLANG_WARN__DUPLICATE_METHOD_MATCH = YES;
				CODE_SIGN_IDENTITY = "iPhone Developer";
				COPY_PHASE_STRIP = NO;
				DEBUG_INFORMATION_FORMAT = dwarf;
				ENABLE_STRICT_OBJC_MSGSEND = YES;
				ENABLE_TESTABILITY = YES;
				GCC_C_LANGUAGE_STANDARD = gnu11;
				GCC_DYNAMIC_NO_PIC = NO;
				GCC_NO_COMMON_BLOCKS = YES;
				GCC_OPTIMIZATION_LEVEL = 0;
				GCC_PREPROCESSOR_DEFINITIONS = (
					"DEBUG=1",
					"$(inherited)",
				);
				GCC_WARN_64_TO_32_BIT_CONVERSION = YES;
				GCC_WARN_ABOUT_RETURN_TYPE = YES_ERROR;
				GCC_WARN_UNDECLARED_SELECTOR = YES;
				GCC_WARN_UNINITIALIZED_AUTOS = YES_AGGRESSIVE;
				GCC_WARN_UNUSED_FUNCTION = YES;
				GCC_WARN_UNUSED_VARIABLE = YES;
				IPHONEOS_DEPLOYMENT_TARGET = 12.2;
				MTL_ENABLE_DEBUG_INFO = INCLUDE_SOURCE;
				MTL_FAST_MATH = YES;
				ONLY_ACTIVE_ARCH = YES;
				SDKROOT = iphoneos;
				SWIFT_ACTIVE_COMPILATION_CONDITIONS = DEBUG;
				SWIFT_OPTIMIZATION_LEVEL = "-Onone";
			};
			name = Debug;
		};
		C7A985F022BFC81400078A6C /* Release */ = {
			isa = XCBuildConfiguration;
			buildSettings = {
				ALWAYS_SEARCH_USER_PATHS = NO;
				CLANG_ANALYZER_NONNULL = YES;
				CLANG_ANALYZER_NUMBER_OBJECT_CONVERSION = YES_AGGRESSIVE;
				CLANG_CXX_LANGUAGE_STANDARD = "gnu++14";
				CLANG_CXX_LIBRARY = "libc++";
				CLANG_ENABLE_MODULES = YES;
				CLANG_ENABLE_OBJC_ARC = YES;
				CLANG_ENABLE_OBJC_WEAK = YES;
				CLANG_WARN_BLOCK_CAPTURE_AUTORELEASING = YES;
				CLANG_WARN_BOOL_CONVERSION = YES;
				CLANG_WARN_COMMA = YES;
				CLANG_WARN_CONSTANT_CONVERSION = YES;
				CLANG_WARN_DEPRECATED_OBJC_IMPLEMENTATIONS = YES;
				CLANG_WARN_DIRECT_OBJC_ISA_USAGE = YES_ERROR;
				CLANG_WARN_DOCUMENTATION_COMMENTS = YES;
				CLANG_WARN_EMPTY_BODY = YES;
				CLANG_WARN_ENUM_CONVERSION = YES;
				CLANG_WARN_INFINITE_RECURSION = YES;
				CLANG_WARN_INT_CONVERSION = YES;
				CLANG_WARN_NON_LITERAL_NULL_CONVERSION = YES;
				CLANG_WARN_OBJC_IMPLICIT_RETAIN_SELF = YES;
				CLANG_WARN_OBJC_LITERAL_CONVERSION = YES;
				CLANG_WARN_OBJC_ROOT_CLASS = YES_ERROR;
				CLANG_WARN_RANGE_LOOP_ANALYSIS = YES;
				CLANG_WARN_STRICT_PROTOTYPES = YES;
				CLANG_WARN_SUSPICIOUS_MOVE = YES;
				CLANG_WARN_UNGUARDED_AVAILABILITY = YES_AGGRESSIVE;
				CLANG_WARN_UNREACHABLE_CODE = YES;
				CLANG_WARN__DUPLICATE_METHOD_MATCH = YES;
				CODE_SIGN_IDENTITY = "iPhone Developer";
				COPY_PHASE_STRIP = NO;
				DEBUG_INFORMATION_FORMAT = "dwarf-with-dsym";
				ENABLE_NS_ASSERTIONS = NO;
				ENABLE_STRICT_OBJC_MSGSEND = YES;
				GCC_C_LANGUAGE_STANDARD = gnu11;
				GCC_NO_COMMON_BLOCKS = YES;
				GCC_WARN_64_TO_32_BIT_CONVERSION = YES;
				GCC_WARN_ABOUT_RETURN_TYPE = YES_ERROR;
				GCC_WARN_UNDECLARED_SELECTOR = YES;
				GCC_WARN_UNINITIALIZED_AUTOS = YES_AGGRESSIVE;
				GCC_WARN_UNUSED_FUNCTION = YES;
				GCC_WARN_UNUSED_VARIABLE = YES;
				IPHONEOS_DEPLOYMENT_TARGET = 12.2;
				MTL_ENABLE_DEBUG_INFO = NO;
				MTL_FAST_MATH = YES;
				SDKROOT = iphoneos;
				SWIFT_COMPILATION_MODE = wholemodule;
				SWIFT_OPTIMIZATION_LEVEL = "-O";
				VALIDATE_PRODUCT = YES;
			};
			name = Release;
		};
		C7A985F222BFC81400078A6C /* Debug */ = {
			isa = XCBuildConfiguration;
			buildSettings = {
				ASSETCATALOG_COMPILER_APPICON_NAME = AppIcon;
				ASSETCATALOG_COMPILER_LAUNCHIMAGE_NAME = LaunchImage;
				CODE_SIGN_STYLE = Automatic;
				INFOPLIST_FILE = JXWeibo/Info.plist;
				IPHONEOS_DEPLOYMENT_TARGET = 9.0;
				LD_RUNPATH_SEARCH_PATHS = (
					"$(inherited)",
					"@executable_path/Frameworks",
				);
				PRODUCT_BUNDLE_IDENTIFIER = JX.JXWeibo;
				PRODUCT_NAME = "$(TARGET_NAME)";
				SWIFT_VERSION = 5.0;
				TARGETED_DEVICE_FAMILY = 1;
			};
			name = Debug;
		};
		C7A985F322BFC81400078A6C /* Release */ = {
			isa = XCBuildConfiguration;
			buildSettings = {
				ASSETCATALOG_COMPILER_APPICON_NAME = AppIcon;
				ASSETCATALOG_COMPILER_LAUNCHIMAGE_NAME = LaunchImage;
				CODE_SIGN_STYLE = Automatic;
				INFOPLIST_FILE = JXWeibo/Info.plist;
				IPHONEOS_DEPLOYMENT_TARGET = 9.0;
				LD_RUNPATH_SEARCH_PATHS = (
					"$(inherited)",
					"@executable_path/Frameworks",
				);
				PRODUCT_BUNDLE_IDENTIFIER = JX.JXWeibo;
				PRODUCT_NAME = "$(TARGET_NAME)";
				SWIFT_VERSION = 5.0;
				TARGETED_DEVICE_FAMILY = 1;
			};
			name = Release;
		};
/* End XCBuildConfiguration section */

/* Begin XCConfigurationList section */
		C7A985DA22BFC81300078A6C /* Build configuration list for PBXProject "JXWeibo" */ = {
			isa = XCConfigurationList;
			buildConfigurations = (
				C7A985EF22BFC81400078A6C /* Debug */,
				C7A985F022BFC81400078A6C /* Release */,
			);
			defaultConfigurationIsVisible = 0;
			defaultConfigurationName = Release;
		};
		C7A985F122BFC81400078A6C /* Build configuration list for PBXNativeTarget "JXWeibo" */ = {
			isa = XCConfigurationList;
			buildConfigurations = (
				C7A985F222BFC81400078A6C /* Debug */,
				C7A985F322BFC81400078A6C /* Release */,
			);
			defaultConfigurationIsVisible = 0;
			defaultConfigurationName = Release;
		};
/* End XCConfigurationList section */
	};
	rootObject = C7A985D722BFC81300078A6C /* Project object */;
}
